// !$*UTF8*$!
{
	archiveVersion = 1;
	classes = {
	};
	objectVersion = 55;
	objects = {

/* Begin PBXBuildFile section */
		B40354F12A43E94A00B2B6D5 /* MovieDetailsViewController.swift in Sources */ = {isa = PBXBuildFile; fileRef = B40354F02A43E94A00B2B6D5 /* MovieDetailsViewController.swift */; };
		B40354F32A43EB1500B2B6D5 /* MovieDetails.swift in Sources */ = {isa = PBXBuildFile; fileRef = B40354F22A43EB1500B2B6D5 /* MovieDetails.swift */; };
		B40354F52A43EB5400B2B6D5 /* MovieDetailsViewModel.swift in Sources */ = {isa = PBXBuildFile; fileRef = B40354F42A43EB5400B2B6D5 /* MovieDetailsViewModel.swift */; };
		B4AD6AA32A43239A00417915 /* AppDelegate.swift in Sources */ = {isa = PBXBuildFile; fileRef = B4AD6AA22A43239A00417915 /* AppDelegate.swift */; };
		B4AD6AA52A43239A00417915 /* SceneDelegate.swift in Sources */ = {isa = PBXBuildFile; fileRef = B4AD6AA42A43239A00417915 /* SceneDelegate.swift */; };
		B4AD6AA72A43239A00417915 /* ViewController.swift in Sources */ = {isa = PBXBuildFile; fileRef = B4AD6AA62A43239A00417915 /* ViewController.swift */; };
		B4AD6AAA2A43239A00417915 /* Main.storyboard in Resources */ = {isa = PBXBuildFile; fileRef = B4AD6AA82A43239A00417915 /* Main.storyboard */; };
		B4AD6AAC2A4323A000417915 /* Assets.xcassets in Resources */ = {isa = PBXBuildFile; fileRef = B4AD6AAB2A4323A000417915 /* Assets.xcassets */; };
		B4AD6AAF2A4323A000417915 /* LaunchScreen.storyboard in Resources */ = {isa = PBXBuildFile; fileRef = B4AD6AAD2A4323A000417915 /* LaunchScreen.storyboard */; };
		B4AD6ABA2A4323A100417915 /* TMDBAppTests.swift in Sources */ = {isa = PBXBuildFile; fileRef = B4AD6AB92A4323A100417915 /* TMDBAppTests.swift */; };
		B4AD6AC42A4323A100417915 /* TMDBAppUITests.swift in Sources */ = {isa = PBXBuildFile; fileRef = B4AD6AC32A4323A100417915 /* TMDBAppUITests.swift */; };
		B4AD6AC62A4323A100417915 /* TMDBAppUITestsLaunchTests.swift in Sources */ = {isa = PBXBuildFile; fileRef = B4AD6AC52A4323A100417915 /* TMDBAppUITestsLaunchTests.swift */; };
		B4AD6AD32A4324FB00417915 /* ViewModel.swift in Sources */ = {isa = PBXBuildFile; fileRef = B4AD6AD22A4324FB00417915 /* ViewModel.swift */; };
		B4AD6AD62A43255000417915 /* APIManager.swift in Sources */ = {isa = PBXBuildFile; fileRef = B4AD6AD52A43255000417915 /* APIManager.swift */; };
		B4AD6AD82A43282000417915 /* Movie.swift in Sources */ = {isa = PBXBuildFile; fileRef = B4AD6AD72A43282000417915 /* Movie.swift */; };
/* End PBXBuildFile section */

/* Begin PBXContainerItemProxy section */
		B4AD6AB62A4323A100417915 /* PBXContainerItemProxy */ = {
			isa = PBXContainerItemProxy;
			containerPortal = B4AD6A972A43239A00417915 /* Project object */;
			proxyType = 1;
			remoteGlobalIDString = B4AD6A9E2A43239A00417915;
			remoteInfo = TMDBApp;
		};
		B4AD6AC02A4323A100417915 /* PBXContainerItemProxy */ = {
			isa = PBXContainerItemProxy;
			containerPortal = B4AD6A972A43239A00417915 /* Project object */;
			proxyType = 1;
			remoteGlobalIDString = B4AD6A9E2A43239A00417915;
			remoteInfo = TMDBApp;
		};
/* End PBXContainerItemProxy section */

/* Begin PBXFileReference section */
		B40354F02A43E94A00B2B6D5 /* MovieDetailsViewController.swift */ = {isa = PBXFileReference; lastKnownFileType = sourcecode.swift; path = MovieDetailsViewController.swift; sourceTree = "<group>"; };
		B40354F22A43EB1500B2B6D5 /* MovieDetails.swift */ = {isa = PBXFileReference; lastKnownFileType = sourcecode.swift; path = MovieDetails.swift; sourceTree = "<group>"; };
		B40354F42A43EB5400B2B6D5 /* MovieDetailsViewModel.swift */ = {isa = PBXFileReference; lastKnownFileType = sourcecode.swift; path = MovieDetailsViewModel.swift; sourceTree = "<group>"; };
		B4AD6A9F2A43239A00417915 /* TMDBApp.app */ = {isa = PBXFileReference; explicitFileType = wrapper.application; includeInIndex = 0; path = TMDBApp.app; sourceTree = BUILT_PRODUCTS_DIR; };
		B4AD6AA22A43239A00417915 /* AppDelegate.swift */ = {isa = PBXFileReference; lastKnownFileType = sourcecode.swift; path = AppDelegate.swift; sourceTree = "<group>"; };
		B4AD6AA42A43239A00417915 /* SceneDelegate.swift */ = {isa = PBXFileReference; lastKnownFileType = sourcecode.swift; path = SceneDelegate.swift; sourceTree = "<group>"; };
		B4AD6AA62A43239A00417915 /* ViewController.swift */ = {isa = PBXFileReference; lastKnownFileType = sourcecode.swift; path = ViewController.swift; sourceTree = "<group>"; };
		B4AD6AA92A43239A00417915 /* Base */ = {isa = PBXFileReference; lastKnownFileType = file.storyboard; name = Base; path = Base.lproj/Main.storyboard; sourceTree = "<group>"; };
		B4AD6AAB2A4323A000417915 /* Assets.xcassets */ = {isa = PBXFileReference; lastKnownFileType = folder.assetcatalog; path = Assets.xcassets; sourceTree = "<group>"; };
		B4AD6AAE2A4323A000417915 /* Base */ = {isa = PBXFileReference; lastKnownFileType = file.storyboard; name = Base; path = Base.lproj/LaunchScreen.storyboard; sourceTree = "<group>"; };
		B4AD6AB02A4323A000417915 /* Info.plist */ = {isa = PBXFileReference; lastKnownFileType = text.plist.xml; path = Info.plist; sourceTree = "<group>"; };
		B4AD6AB52A4323A100417915 /* TMDBAppTests.xctest */ = {isa = PBXFileReference; explicitFileType = wrapper.cfbundle; includeInIndex = 0; path = TMDBAppTests.xctest; sourceTree = BUILT_PRODUCTS_DIR; };
		B4AD6AB92A4323A100417915 /* TMDBAppTests.swift */ = {isa = PBXFileReference; lastKnownFileType = sourcecode.swift; path = TMDBAppTests.swift; sourceTree = "<group>"; };
		B4AD6ABF2A4323A100417915 /* TMDBAppUITests.xctest */ = {isa = PBXFileReference; explicitFileType = wrapper.cfbundle; includeInIndex = 0; path = TMDBAppUITests.xctest; sourceTree = BUILT_PRODUCTS_DIR; };
		B4AD6AC32A4323A100417915 /* TMDBAppUITests.swift */ = {isa = PBXFileReference; lastKnownFileType = sourcecode.swift; path = TMDBAppUITests.swift; sourceTree = "<group>"; };
		B4AD6AC52A4323A100417915 /* TMDBAppUITestsLaunchTests.swift */ = {isa = PBXFileReference; lastKnownFileType = sourcecode.swift; path = TMDBAppUITestsLaunchTests.swift; sourceTree = "<group>"; };
		B4AD6AD22A4324FB00417915 /* ViewModel.swift */ = {isa = PBXFileReference; lastKnownFileType = sourcecode.swift; path = ViewModel.swift; sourceTree = "<group>"; };
		B4AD6AD52A43255000417915 /* APIManager.swift */ = {isa = PBXFileReference; lastKnownFileType = sourcecode.swift; path = APIManager.swift; sourceTree = "<group>"; };
		B4AD6AD72A43282000417915 /* Movie.swift */ = {isa = PBXFileReference; lastKnownFileType = sourcecode.swift; path = Movie.swift; sourceTree = "<group>"; };
/* End PBXFileReference section */

/* Begin PBXFrameworksBuildPhase section */
		B4AD6A9C2A43239A00417915 /* Frameworks */ = {
			isa = PBXFrameworksBuildPhase;
			buildActionMask = 2147483647;
			files = (
			);
			runOnlyForDeploymentPostprocessing = 0;
		};
		B4AD6AB22A4323A100417915 /* Frameworks */ = {
			isa = PBXFrameworksBuildPhase;
			buildActionMask = 2147483647;
			files = (
			);
			runOnlyForDeploymentPostprocessing = 0;
		};
		B4AD6ABC2A4323A100417915 /* Frameworks */ = {
			isa = PBXFrameworksBuildPhase;
			buildActionMask = 2147483647;
			files = (
			);
			runOnlyForDeploymentPostprocessing = 0;
		};
/* End PBXFrameworksBuildPhase section */

/* Begin PBXGroup section */
		B40354EF2A43E91C00B2B6D5 /* MovieDetails */ = {
			isa = PBXGroup;
			children = (
				B40354F02A43E94A00B2B6D5 /* MovieDetailsViewController.swift */,
				B40354F22A43EB1500B2B6D5 /* MovieDetails.swift */,
				B40354F42A43EB5400B2B6D5 /* MovieDetailsViewModel.swift */,
			);
			path = MovieDetails;
			sourceTree = "<group>";
		};
		B4AD6A962A43239A00417915 = {
			isa = PBXGroup;
			children = (
				B4AD6AA12A43239A00417915 /* TMDBApp */,
				B4AD6AB82A4323A100417915 /* TMDBAppTests */,
				B4AD6AC22A4323A100417915 /* TMDBAppUITests */,
				B4AD6AA02A43239A00417915 /* Products */,
			);
			sourceTree = "<group>";
		};
		B4AD6AA02A43239A00417915 /* Products */ = {
			isa = PBXGroup;
			children = (
				B4AD6A9F2A43239A00417915 /* TMDBApp.app */,
				B4AD6AB52A4323A100417915 /* TMDBAppTests.xctest */,
				B4AD6ABF2A4323A100417915 /* TMDBAppUITests.xctest */,
			);
			name = Products;
			sourceTree = "<group>";
		};
		B4AD6AA12A43239A00417915 /* TMDBApp */ = {
			isa = PBXGroup;
			children = (
				B40354EF2A43E91C00B2B6D5 /* MovieDetails */,
				B4AD6AD42A43253100417915 /* LandingPage */,
				B4AD6AA22A43239A00417915 /* AppDelegate.swift */,
				B4AD6AA42A43239A00417915 /* SceneDelegate.swift */,
				B4AD6AA82A43239A00417915 /* Main.storyboard */,
				B4AD6AAB2A4323A000417915 /* Assets.xcassets */,
				B4AD6AAD2A4323A000417915 /* LaunchScreen.storyboard */,
				B4AD6AB02A4323A000417915 /* Info.plist */,
				B4AD6AD52A43255000417915 /* APIManager.swift */,
			);
			path = TMDBApp;
			sourceTree = "<group>";
		};
		B4AD6AB82A4323A100417915 /* TMDBAppTests */ = {
			isa = PBXGroup;
			children = (
				B4AD6AB92A4323A100417915 /* TMDBAppTests.swift */,
			);
			path = TMDBAppTests;
			sourceTree = "<group>";
		};
		B4AD6AC22A4323A100417915 /* TMDBAppUITests */ = {
			isa = PBXGroup;
			children = (
				B4AD6AC32A4323A100417915 /* TMDBAppUITests.swift */,
				B4AD6AC52A4323A100417915 /* TMDBAppUITestsLaunchTests.swift */,
			);
			path = TMDBAppUITests;
			sourceTree = "<group>";
		};
		B4AD6AD42A43253100417915 /* LandingPage */ = {
			isa = PBXGroup;
			children = (
				B4AD6AD22A4324FB00417915 /* ViewModel.swift */,
				B4AD6AA62A43239A00417915 /* ViewController.swift */,
				B4AD6AD72A43282000417915 /* Movie.swift */,
			);
			path = LandingPage;
			sourceTree = "<group>";
		};
/* End PBXGroup section */

/* Begin PBXNativeTarget section */
		B4AD6A9E2A43239A00417915 /* TMDBApp */ = {
			isa = PBXNativeTarget;
			buildConfigurationList = B4AD6AC92A4323A100417915 /* Build configuration list for PBXNativeTarget "TMDBApp" */;
			buildPhases = (
				B4AD6A9B2A43239A00417915 /* Sources */,
				B4AD6A9C2A43239A00417915 /* Frameworks */,
				B4AD6A9D2A43239A00417915 /* Resources */,
			);
			buildRules = (
			);
			dependencies = (
			);
			name = TMDBApp;
			productName = TMDBApp;
			productReference = B4AD6A9F2A43239A00417915 /* TMDBApp.app */;
			productType = "com.apple.product-type.application";
		};
		B4AD6AB42A4323A100417915 /* TMDBAppTests */ = {
			isa = PBXNativeTarget;
			buildConfigurationList = B4AD6ACC2A4323A100417915 /* Build configuration list for PBXNativeTarget "TMDBAppTests" */;
			buildPhases = (
				B4AD6AB12A4323A100417915 /* Sources */,
				B4AD6AB22A4323A100417915 /* Frameworks */,
				B4AD6AB32A4323A100417915 /* Resources */,
			);
			buildRules = (
			);
			dependencies = (
				B4AD6AB72A4323A100417915 /* PBXTargetDependency */,
			);
			name = TMDBAppTests;
			productName = TMDBAppTests;
			productReference = B4AD6AB52A4323A100417915 /* TMDBAppTests.xctest */;
			productType = "com.apple.product-type.bundle.unit-test";
		};
		B4AD6ABE2A4323A100417915 /* TMDBAppUITests */ = {
			isa = PBXNativeTarget;
			buildConfigurationList = B4AD6ACF2A4323A100417915 /* Build configuration list for PBXNativeTarget "TMDBAppUITests" */;
			buildPhases = (
				B4AD6ABB2A4323A100417915 /* Sources */,
				B4AD6ABC2A4323A100417915 /* Frameworks */,
				B4AD6ABD2A4323A100417915 /* Resources */,
			);
			buildRules = (
			);
			dependencies = (
				B4AD6AC12A4323A100417915 /* PBXTargetDependency */,
			);
			name = TMDBAppUITests;
			productName = TMDBAppUITests;
			productReference = B4AD6ABF2A4323A100417915 /* TMDBAppUITests.xctest */;
			productType = "com.apple.product-type.bundle.ui-testing";
		};
/* End PBXNativeTarget section */

/* Begin PBXProject section */
		B4AD6A972A43239A00417915 /* Project object */ = {
			isa = PBXProject;
			attributes = {
				BuildIndependentTargetsInParallel = 1;
				LastSwiftUpdateCheck = 1340;
				LastUpgradeCheck = 1340;
				TargetAttributes = {
					B4AD6A9E2A43239A00417915 = {
						CreatedOnToolsVersion = 13.4.1;
					};
					B4AD6AB42A4323A100417915 = {
						CreatedOnToolsVersion = 13.4.1;
						TestTargetID = B4AD6A9E2A43239A00417915;
					};
					B4AD6ABE2A4323A100417915 = {
						CreatedOnToolsVersion = 13.4.1;
						TestTargetID = B4AD6A9E2A43239A00417915;
					};
				};
			};
			buildConfigurationList = B4AD6A9A2A43239A00417915 /* Build configuration list for PBXProject "TMDBApp" */;
			compatibilityVersion = "Xcode 13.0";
			developmentRegion = en;
			hasScannedForEncodings = 0;
			knownRegions = (
				en,
				Base,
			);
			mainGroup = B4AD6A962A43239A00417915;
			productRefGroup = B4AD6AA02A43239A00417915 /* Products */;
			projectDirPath = "";
			projectRoot = "";
			targets = (
				B4AD6A9E2A43239A00417915 /* TMDBApp */,
				B4AD6AB42A4323A100417915 /* TMDBAppTests */,
				B4AD6ABE2A4323A100417915 /* TMDBAppUITests */,
			);
		};
/* End PBXProject section */

/* Begin PBXResourcesBuildPhase section */
		B4AD6A9D2A43239A00417915 /* Resources */ = {
			isa = PBXResourcesBuildPhase;
			buildActionMask = 2147483647;
			files = (
				B4AD6AAF2A4323A000417915 /* LaunchScreen.storyboard in Resources */,
				B4AD6AAC2A4323A000417915 /* Assets.xcassets in Resources */,
				B4AD6AAA2A43239A00417915 /* Main.storyboard in Resources */,
			);
			runOnlyForDeploymentPostprocessing = 0;
		};
		B4AD6AB32A4323A100417915 /* Resources */ = {
			isa = PBXResourcesBuildPhase;
			buildActionMask = 2147483647;
			files = (
			);
			runOnlyForDeploymentPostprocessing = 0;
		};
		B4AD6ABD2A4323A100417915 /* Resources */ = {
			isa = PBXResourcesBuildPhase;
			buildActionMask = 2147483647;
			files = (
			);
			runOnlyForDeploymentPostprocessing = 0;
		};
/* End PBXResourcesBuildPhase section */

/* Begin PBXSourcesBuildPhase section */
		B4AD6A9B2A43239A00417915 /* Sources */ = {
			isa = PBXSourcesBuildPhase;
			buildActionMask = 2147483647;
			files = (
				B4AD6AA72A43239A00417915 /* ViewController.swift in Sources */,
				B4AD6AA32A43239A00417915 /* AppDelegate.swift in Sources */,
				B4AD6AD82A43282000417915 /* Movie.swift in Sources */,
				B40354F32A43EB1500B2B6D5 /* MovieDetails.swift in Sources */,
				B40354F12A43E94A00B2B6D5 /* MovieDetailsViewController.swift in Sources */,
				B4AD6AD62A43255000417915 /* APIManager.swift in Sources */,
				B4AD6AD32A4324FB00417915 /* ViewModel.swift in Sources */,
				B4AD6AA52A43239A00417915 /* SceneDelegate.swift in Sources */,
				B40354F52A43EB5400B2B6D5 /* MovieDetailsViewModel.swift in Sources */,
			);
			runOnlyForDeploymentPostprocessing = 0;
		};
		B4AD6AB12A4323A100417915 /* Sources */ = {
			isa = PBXSourcesBuildPhase;
			buildActionMask = 2147483647;
			files = (
				B4AD6ABA2A4323A100417915 /* TMDBAppTests.swift in Sources */,
			);
			runOnlyForDeploymentPostprocessing = 0;
		};
		B4AD6ABB2A4323A100417915 /* Sources */ = {
			isa = PBXSourcesBuildPhase;
			buildActionMask = 2147483647;
			files = (
				B4AD6AC42A4323A100417915 /* TMDBAppUITests.swift in Sources */,
				B4AD6AC62A4323A100417915 /* TMDBAppUITestsLaunchTests.swift in Sources */,
			);
			runOnlyForDeploymentPostprocessing = 0;
		};
/* End PBXSourcesBuildPhase section */

/* Begin PBXTargetDependency section */
		B4AD6AB72A4323A100417915 /* PBXTargetDependency */ = {
			isa = PBXTargetDependency;
			target = B4AD6A9E2A43239A00417915 /* TMDBApp */;
			targetProxy = B4AD6AB62A4323A100417915 /* PBXContainerItemProxy */;
		};
		B4AD6AC12A4323A100417915 /* PBXTargetDependency */ = {
			isa = PBXTargetDependency;
			target = B4AD6A9E2A43239A00417915 /* TMDBApp */;
			targetProxy = B4AD6AC02A4323A100417915 /* PBXContainerItemProxy */;
		};
/* End PBXTargetDependency section */

/* Begin PBXVariantGroup section */
		B4AD6AA82A43239A00417915 /* Main.storyboard */ = {
			isa = PBXVariantGroup;
			children = (
				B4AD6AA92A43239A00417915 /* Base */,
			);
			name = Main.storyboard;
			sourceTree = "<group>";
		};
		B4AD6AAD2A4323A000417915 /* LaunchScreen.storyboard */ = {
			isa = PBXVariantGroup;
			children = (
				B4AD6AAE2A4323A000417915 /* Base */,
			);
			name = LaunchScreen.storyboard;
			sourceTree = "<group>";
		};
/* End PBXVariantGroup section */

/* Begin XCBuildConfiguration section */
		B4AD6AC72A4323A100417915 /* Debug */ = {
			isa = XCBuildConfiguration;
			buildSettings = {
				ALWAYS_SEARCH_USER_PATHS = NO;
				CLANG_ANALYZER_NONNULL = YES;
				CLANG_ANALYZER_NUMBER_OBJECT_CONVERSION = YES_AGGRESSIVE;
				CLANG_CXX_LANGUAGE_STANDARD = "gnu++17";
				CLANG_ENABLE_MODULES = YES;
				CLANG_ENABLE_OBJC_ARC = YES;
				CLANG_ENABLE_OBJC_WEAK = YES;
				CLANG_WARN_BLOCK_CAPTURE_AUTORELEASING = YES;
				CLANG_WARN_BOOL_CONVERSION = YES;
				CLANG_WARN_COMMA = YES;
				CLANG_WARN_CONSTANT_CONVERSION = YES;
				CLANG_WARN_DEPRECATED_OBJC_IMPLEMENTATIONS = YES;
				CLANG_WARN_DIRECT_OBJC_ISA_USAGE = YES_ERROR;
				CLANG_WARN_DOCUMENTATION_COMMENTS = YES;
				CLANG_WARN_EMPTY_BODY = YES;
				CLANG_WARN_ENUM_CONVERSION = YES;
				CLANG_WARN_INFINITE_RECURSION = YES;
				CLANG_WARN_INT_CONVERSION = YES;
				CLANG_WARN_NON_LITERAL_NULL_CONVERSION = YES;
				CLANG_WARN_OBJC_IMPLICIT_RETAIN_SELF = YES;
				CLANG_WARN_OBJC_LITERAL_CONVERSION = YES;
				CLANG_WARN_OBJC_ROOT_CLASS = YES_ERROR;
				CLANG_WARN_QUOTED_INCLUDE_IN_FRAMEWORK_HEADER = YES;
				CLANG_WARN_RANGE_LOOP_ANALYSIS = YES;
				CLANG_WARN_STRICT_PROTOTYPES = YES;
				CLANG_WARN_SUSPICIOUS_MOVE = YES;
				CLANG_WARN_UNGUARDED_AVAILABILITY = YES_AGGRESSIVE;
				CLANG_WARN_UNREACHABLE_CODE = YES;
				CLANG_WARN__DUPLICATE_METHOD_MATCH = YES;
				COPY_PHASE_STRIP = NO;
				DEBUG_INFORMATION_FORMAT = dwarf;
				ENABLE_STRICT_OBJC_MSGSEND = YES;
				ENABLE_TESTABILITY = YES;
				GCC_C_LANGUAGE_STANDARD = gnu11;
				GCC_DYNAMIC_NO_PIC = NO;
				GCC_NO_COMMON_BLOCKS = YES;
				GCC_OPTIMIZATION_LEVEL = 0;
				GCC_PREPROCESSOR_DEFINITIONS = (
					"DEBUG=1",
					"$(inherited)",
				);
				GCC_WARN_64_TO_32_BIT_CONVERSION = YES;
				GCC_WARN_ABOUT_RETURN_TYPE = YES_ERROR;
				GCC_WARN_UNDECLARED_SELECTOR = YES;
				GCC_WARN_UNINITIALIZED_AUTOS = YES_AGGRESSIVE;
				GCC_WARN_UNUSED_FUNCTION = YES;
				GCC_WARN_UNUSED_VARIABLE = YES;
				IPHONEOS_DEPLOYMENT_TARGET = 15.5;
				MTL_ENABLE_DEBUG_INFO = INCLUDE_SOURCE;
				MTL_FAST_MATH = YES;
				ONLY_ACTIVE_ARCH = YES;
				SDKROOT = iphoneos;
				SWIFT_ACTIVE_COMPILATION_CONDITIONS = DEBUG;
				SWIFT_OPTIMIZATION_LEVEL = "-Onone";
			};
			name = Debug;
		};
		B4AD6AC82A4323A100417915 /* Release */ = {
			isa = XCBuildConfiguration;
			buildSettings = {
				ALWAYS_SEARCH_USER_PATHS = NO;
				CLANG_ANALYZER_NONNULL = YES;
				CLANG_ANALYZER_NUMBER_OBJECT_CONVERSION = YES_AGGRESSIVE;
				CLANG_CXX_LANGUAGE_STANDARD = "gnu++17";
				CLANG_ENABLE_MODULES = YES;
				CLANG_ENABLE_OBJC_ARC = YES;
				CLANG_ENABLE_OBJC_WEAK = YES;
				CLANG_WARN_BLOCK_CAPTURE_AUTORELEASING = YES;
				CLANG_WARN_BOOL_CONVERSION = YES;
				CLANG_WARN_COMMA = YES;
				CLANG_WARN_CONSTANT_CONVERSION = YES;
				CLANG_WARN_DEPRECATED_OBJC_IMPLEMENTATIONS = YES;
				CLANG_WARN_DIRECT_OBJC_ISA_USAGE = YES_ERROR;
				CLANG_WARN_DOCUMENTATION_COMMENTS = YES;
				CLANG_WARN_EMPTY_BODY = YES;
				CLANG_WARN_ENUM_CONVERSION = YES;
				CLANG_WARN_INFINITE_RECURSION = YES;
				CLANG_WARN_INT_CONVERSION = YES;
				CLANG_WARN_NON_LITERAL_NULL_CONVERSION = YES;
				CLANG_WARN_OBJC_IMPLICIT_RETAIN_SELF = YES;
				CLANG_WARN_OBJC_LITERAL_CONVERSION = YES;
				CLANG_WARN_OBJC_ROOT_CLASS = YES_ERROR;
				CLANG_WARN_QUOTED_INCLUDE_IN_FRAMEWORK_HEADER = YES;
				CLANG_WARN_RANGE_LOOP_ANALYSIS = YES;
				CLANG_WARN_STRICT_PROTOTYPES = YES;
				CLANG_WARN_SUSPICIOUS_MOVE = YES;
				CLANG_WARN_UNGUARDED_AVAILABILITY = YES_AGGRESSIVE;
				CLANG_WARN_UNREACHABLE_CODE = YES;
				CLANG_WARN__DUPLICATE_METHOD_MATCH = YES;
				COPY_PHASE_STRIP = NO;
				DEBUG_INFORMATION_FORMAT = "dwarf-with-dsym";
				ENABLE_NS_ASSERTIONS = NO;
				ENABLE_STRICT_OBJC_MSGSEND = YES;
				GCC_C_LANGUAGE_STANDARD = gnu11;
				GCC_NO_COMMON_BLOCKS = YES;
				GCC_WARN_64_TO_32_BIT_CONVERSION = YES;
				GCC_WARN_ABOUT_RETURN_TYPE = YES_ERROR;
				GCC_WARN_UNDECLARED_SELECTOR = YES;
				GCC_WARN_UNINITIALIZED_AUTOS = YES_AGGRESSIVE;
				GCC_WARN_UNUSED_FUNCTION = YES;
				GCC_WARN_UNUSED_VARIABLE = YES;
				IPHONEOS_DEPLOYMENT_TARGET = 15.5;
				MTL_ENABLE_DEBUG_INFO = NO;
				MTL_FAST_MATH = YES;
				SDKROOT = iphoneos;
				SWIFT_COMPILATION_MODE = wholemodule;
				SWIFT_OPTIMIZATION_LEVEL = "-O";
				VALIDATE_PRODUCT = YES;
			};
			name = Release;
		};
		B4AD6ACA2A4323A100417915 /* Debug */ = {
			isa = XCBuildConfiguration;
			buildSettings = {
				ASSETCATALOG_COMPILER_APPICON_NAME = AppIcon;
				ASSETCATALOG_COMPILER_GLOBAL_ACCENT_COLOR_NAME = AccentColor;
				CODE_SIGN_STYLE = Automatic;
				CURRENT_PROJECT_VERSION = 1;
				GENERATE_INFOPLIST_FILE = YES;
				INFOPLIST_FILE = TMDBApp/Info.plist;
				INFOPLIST_KEY_UIApplicationSupportsIndirectInputEvents = YES;
				INFOPLIST_KEY_UILaunchStoryboardName = LaunchScreen;
				INFOPLIST_KEY_UIMainStoryboardFile = Main;
				INFOPLIST_KEY_UISupportedInterfaceOrientations_iPad = "UIInterfaceOrientationPortrait UIInterfaceOrientationPortraitUpsideDown UIInterfaceOrientationLandscapeLeft UIInterfaceOrientationLandscapeRight";
				INFOPLIST_KEY_UISupportedInterfaceOrientations_iPhone = "UIInterfaceOrientationPortrait UIInterfaceOrientationLandscapeLeft UIInterfaceOrientationLandscapeRight";
				LD_RUNPATH_SEARCH_PATHS = (
					"$(inherited)",
					"@executable_path/Frameworks",
				);
				MARKETING_VERSION = 1.0;
				PRODUCT_BUNDLE_IDENTIFIER = com.test.TMDBApp;
				PRODUCT_NAME = "$(TARGET_NAME)";
				SWIFT_EMIT_LOC_STRINGS = YES;
				SWIFT_VERSION = 5.0;
				TARGETED_DEVICE_FAMILY = "1,2";
			};
			name = Debug;
		};
		B4AD6ACB2A4323A100417915 /* Release */ = {
			isa = XCBuildConfiguration;
			buildSettings = {
				ASSETCATALOG_COMPILER_APPICON_NAME = AppIcon;
				ASSETCATALOG_COMPILER_GLOBAL_ACCENT_COLOR_NAME = AccentColor;
				CODE_SIGN_STYLE = Automatic;
				CURRENT_PROJECT_VERSION = 1;
				GENERATE_INFOPLIST_FILE = YES;
				INFOPLIST_FILE = TMDBApp/Info.plist;
				INFOPLIST_KEY_UIApplicationSupportsIndirectInputEvents = YES;
				INFOPLIST_KEY_UILaunchStoryboardName = LaunchScreen;
				INFOPLIST_KEY_UIMainStoryboardFile = Main;
				INFOPLIST_KEY_UISupportedInterfaceOrientations_iPad = "UIInterfaceOrientationPortrait UIInterfaceOrientationPortraitUpsideDown UIInterfaceOrientationLandscapeLeft UIInterfaceOrientationLandscapeRight";
				INFOPLIST_KEY_UISupportedInterfaceOrientations_iPhone = "UIInterfaceOrientationPortrait UIInterfaceOrientationLandscapeLeft UIInterfaceOrientationLandscapeRight";
				LD_RUNPATH_SEARCH_PATHS = (
					"$(inherited)",
					"@executable_path/Frameworks",
				);
				MARKETING_VERSION = 1.0;
				PRODUCT_BUNDLE_IDENTIFIER = com.test.TMDBApp;
				PRODUCT_NAME = "$(TARGET_NAME)";
				SWIFT_EMIT_LOC_STRINGS = YES;
				SWIFT_VERSION = 5.0;
				TARGETED_DEVICE_FAMILY = "1,2";
			};
			name = Release;
		};
		B4AD6ACD2A4323A100417915 /* Debug */ = {
			isa = XCBuildConfiguration;
			buildSettings = {
				ALWAYS_EMBED_SWIFT_STANDARD_LIBRARIES = YES;
				BUNDLE_LOADER = "$(TEST_HOST)";
				CODE_SIGN_STYLE = Automatic;
				CURRENT_PROJECT_VERSION = 1;
				GENERATE_INFOPLIST_FILE = YES;
				IPHONEOS_DEPLOYMENT_TARGET = 15.5;
				MARKETING_VERSION = 1.0;
				PRODUCT_BUNDLE_IDENTIFIER = com.test.TMDBAppTests;
				PRODUCT_NAME = "$(TARGET_NAME)";
				SWIFT_EMIT_LOC_STRINGS = NO;
				SWIFT_VERSION = 5.0;
				TARGETED_DEVICE_FAMILY = "1,2";
				TEST_HOST = "$(BUILT_PRODUCTS_DIR)/TMDBApp.app/TMDBApp";
			};
			name = Debug;
		};
		B4AD6ACE2A4323A100417915 /* Release */ = {
			isa = XCBuildConfiguration;
			buildSettings = {
				ALWAYS_EMBED_SWIFT_STANDARD_LIBRARIES = YES;
				BUNDLE_LOADER = "$(TEST_HOST)";
				CODE_SIGN_STYLE = Automatic;
				CURRENT_PROJECT_VERSION = 1;
				GENERATE_INFOPLIST_FILE = YES;
				IPHONEOS_DEPLOYMENT_TARGET = 15.5;
				MARKETING_VERSION = 1.0;
				PRODUCT_BUNDLE_IDENTIFIER = com.test.TMDBAppTests;
				PRODUCT_NAME = "$(TARGET_NAME)";
				SWIFT_EMIT_LOC_STRINGS = NO;
				SWIFT_VERSION = 5.0;
				TARGETED_DEVICE_FAMILY = "1,2";
				TEST_HOST = "$(BUILT_PRODUCTS_DIR)/TMDBApp.app/TMDBApp";
			};
			name = Release;
		};
		B4AD6AD02A4323A100417915 /* Debug */ = {
			isa = XCBuildConfiguration;
			buildSettings = {
				ALWAYS_EMBED_SWIFT_STANDARD_LIBRARIES = YES;
				CODE_SIGN_STYLE = Automatic;
				CURRENT_PROJECT_VERSION = 1;
				GENERATE_INFOPLIST_FILE = YES;
				MARKETING_VERSION = 1.0;
				PRODUCT_BUNDLE_IDENTIFIER = com.test.TMDBAppUITests;
				PRODUCT_NAME = "$(TARGET_NAME)";
				SWIFT_EMIT_LOC_STRINGS = NO;
				SWIFT_VERSION = 5.0;
				TARGETED_DEVICE_FAMILY = "1,2";
				TEST_TARGET_NAME = TMDBApp;
			};
			name = Debug;
		};
		B4AD6AD12A4323A100417915 /* Release */ = {
			isa = XCBuildConfiguration;
			buildSettings = {
				ALWAYS_EMBED_SWIFT_STANDARD_LIBRARIES = YES;
				CODE_SIGN_STYLE = Automatic;
				CURRENT_PROJECT_VERSION = 1;
				GENERATE_INFOPLIST_FILE = YES;
				MARKETING_VERSION = 1.0;
				PRODUCT_BUNDLE_IDENTIFIER = com.test.TMDBAppUITests;
				PRODUCT_NAME = "$(TARGET_NAME)";
				SWIFT_EMIT_LOC_STRINGS = NO;
				SWIFT_VERSION = 5.0;
				TARGETED_DEVICE_FAMILY = "1,2";
				TEST_TARGET_NAME = TMDBApp;
			};
			name = Release;
		};
/* End XCBuildConfiguration section */

/* Begin XCConfigurationList section */
		B4AD6A9A2A43239A00417915 /* Build configuration list for PBXProject "TMDBApp" */ = {
			isa = XCConfigurationList;
			buildConfigurations = (
				B4AD6AC72A4323A100417915 /* Debug */,
				B4AD6AC82A4323A100417915 /* Release */,
			);
			defaultConfigurationIsVisible = 0;
			defaultConfigurationName = Release;
		};
		B4AD6AC92A4323A100417915 /* Build configuration list for PBXNativeTarget "TMDBApp" */ = {
			isa = XCConfigurationList;
			buildConfigurations = (
				B4AD6ACA2A4323A100417915 /* Debug */,
				B4AD6ACB2A4323A100417915 /* Release */,
			);
			defaultConfigurationIsVisible = 0;
			defaultConfigurationName = Release;
		};
		B4AD6ACC2A4323A100417915 /* Build configuration list for PBXNativeTarget "TMDBAppTests" */ = {
			isa = XCConfigurationList;
			buildConfigurations = (
				B4AD6ACD2A4323A100417915 /* Debug */,
				B4AD6ACE2A4323A100417915 /* Release */,
			);
			defaultConfigurationIsVisible = 0;
			defaultConfigurationName = Release;
		};
		B4AD6ACF2A4323A100417915 /* Build configuration list for PBXNativeTarget "TMDBAppUITests" */ = {
			isa = XCConfigurationList;
			buildConfigurations = (
				B4AD6AD02A4323A100417915 /* Debug */,
				B4AD6AD12A4323A100417915 /* Release */,
			);
			defaultConfigurationIsVisible = 0;
			defaultConfigurationName = Release;
		};
/* End XCConfigurationList section */
	};
	rootObject = B4AD6A972A43239A00417915 /* Project object */;
}
